
Microsoft Visual Studio Solution File, Format Version 12.00
# Visual Studio Version 16
VisualStudioVersion = 16.0.31402.337
MinimumVisualStudioVersion = 10.0.40219.1
Project("{FAE04EC0-301F-11D3-BF4B-00C04F79EFBC}") = "Web BookManager", "Web BookManager\Web BookManager.csproj", "{CDBDC3B6-E852-4F05-8C1F-058A2C952C9E}"
EndProject
Global
	GlobalSection(SolutionConfigurationPlatforms) = preSolution
		Debug|Any CPU = Debug|Any CPU
		Release|Any CPU = Release|Any CPU
	EndGlobalSection
	GlobalSection(ProjectConfigurationPlatforms) = postSolution
		{CDBDC3B6-E852-4F05-8C1F-058A2C952C9E}.Debug|Any CPU.ActiveCfg = Debug|Any CPU
		{CDBDC3B6-E852-4F05-8C1F-058A2C952C9E}.Debug|Any CPU.Build.0 = Debug|Any CPU
		{CDBDC3B6-E852-4F05-8C1F-058A2C952C9E}.Release|Any CPU.ActiveCfg = Release|Any CPU
		{CDBDC3B6-E852-4F05-8C1F-058A2C952C9E}.Release|Any CPU.Build.0 = Release|Any CPU
	EndGlobalSection
	GlobalSection(SolutionProperties) = preSolution
		HideSolutionNode = FALSE
	EndGlobalSection
	GlobalSection(ExtensibilityGlobals) = postSolution
		SolutionGuid = {D375C6E0-BBAB-4EA5-94FD-324B66CB68BE}
	EndGlobalSection
EndGlobal
