
Microsoft Visual Studio Solution File, Format Version 12.00
# Visual Studio Version 16
VisualStudioVersion = 16.0.31402.337
MinimumVisualStudioVersion = 10.0.40219.1
Project("{FAE04EC0-301F-11D3-BF4B-00C04F79EFBC}") = "BigSchool1", "BigSchool1\BigSchool1.csproj", "{345CF319-3276-4C21-8BAF-8E9E7B6275E0}"
EndProject
Global
	GlobalSection(SolutionConfigurationPlatforms) = preSolution
		Debug|Any CPU = Debug|Any CPU
		Release|Any CPU = Release|Any CPU
	EndGlobalSection
	GlobalSection(ProjectConfigurationPlatforms) = postSolution
		{345CF319-3276-4C21-8BAF-8E9E7B6275E0}.Debug|Any CPU.ActiveCfg = Debug|Any CPU
		{345CF319-3276-4C21-8BAF-8E9E7B6275E0}.Debug|Any CPU.Build.0 = Debug|Any CPU
		{345CF319-3276-4C21-8BAF-8E9E7B6275E0}.Release|Any CPU.ActiveCfg = Release|Any CPU
		{345CF319-3276-4C21-8BAF-8E9E7B6275E0}.Release|Any CPU.Build.0 = Release|Any CPU
	EndGlobalSection
	GlobalSection(SolutionProperties) = preSolution
		HideSolutionNode = FALSE
	EndGlobalSection
	GlobalSection(ExtensibilityGlobals) = postSolution
		SolutionGuid = {97D04076-7B9B-43F3-A880-415CE4804A94}
	EndGlobalSection
EndGlobal
